
Microsoft Visual Studio Solution File, Format Version 12.00
# Visual Studio Version 18
VisualStudioVersion = 18.6.11822.322 stable
MinimumVisualStudioVersion = 10.0.40219.1
Project("{FAE04EC0-301F-11D3-BF4B-00C04F79EFBC}") = "BoneBaker", "BoneBaker.csproj", "{7AA4D9B4-6452-A285-9961-25BA1FE77694}"
EndProject
Global
	GlobalSection(SolutionConfigurationPlatforms) = preSolution
		Debug|Any CPU = Debug|Any CPU
		Release|Any CPU = Release|Any CPU
	EndGlobalSection
	GlobalSection(ProjectConfigurationPlatforms) = postSolution
		{7AA4D9B4-6452-A285-9961-25BA1FE77694}.Debug|Any CPU.ActiveCfg = Debug|Any CPU
		{7AA4D9B4-6452-A285-9961-25BA1FE77694}.Debug|Any CPU.Build.0 = Debug|Any CPU
		{7AA4D9B4-6452-A285-9961-25BA1FE77694}.Release|Any CPU.ActiveCfg = Release|Any CPU
		{7AA4D9B4-6452-A285-9961-25BA1FE77694}.Release|Any CPU.Build.0 = Release|Any CPU
	EndGlobalSection
	GlobalSection(SolutionProperties) = preSolution
		HideSolutionNode = FALSE
	EndGlobalSection
	GlobalSection(ExtensibilityGlobals) = postSolution
		SolutionGuid = {BF399D31-7D13-4309-A43E-FF10413797C9}
	EndGlobalSection
EndGlobal
